
Microsoft Visual Studio Solution File, Format Version 12.00
# Visual Studio Version 16
VisualStudioVersion = 16.0.29025.244
MinimumVisualStudioVersion = 10.0.40219.1
Project("{9A19103F-16F7-4668-BE54-9A1E7A4F7556}") = "Builder", "Builder\Builder.csproj", "{4F43EF12-B944-422F-8B12-CF62B5E8F30C}"
EndProject
Project("{FAE04EC0-301F-11D3-BF4B-00C04F79EFBC}") = "WebClient", "WebClient\WebClient.csproj", "{8EBEDCB9-65D7-4C49-ADD5-703FF3010B6A}"
EndProject
Global
	GlobalSection(SolutionConfigurationPlatforms) = preSolution
		Debug|Any CPU = Debug|Any CPU
		Release|Any CPU = Release|Any CPU
	EndGlobalSection
	GlobalSection(ProjectConfigurationPlatforms) = postSolution
		{4F43EF12-B944-422F-8B12-CF62B5E8F30C}.Debug|Any CPU.ActiveCfg = Debug|Any CPU
		{4F43EF12-B944-422F-8B12-CF62B5E8F30C}.Debug|Any CPU.Build.0 = Debug|Any CPU
		{4F43EF12-B944-422F-8B12-CF62B5E8F30C}.Release|Any CPU.ActiveCfg = Release|Any CPU
		{4F43EF12-B944-422F-8B12-CF62B5E8F30C}.Release|Any CPU.Build.0 = Release|Any CPU
		{8EBEDCB9-65D7-4C49-ADD5-703FF3010B6A}.Debug|Any CPU.ActiveCfg = Debug|Any CPU
		{8EBEDCB9-65D7-4C49-ADD5-703FF3010B6A}.Debug|Any CPU.Build.0 = Debug|Any CPU
		{8EBEDCB9-65D7-4C49-ADD5-703FF3010B6A}.Release|Any CPU.ActiveCfg = Release|Any CPU
		{8EBEDCB9-65D7-4C49-ADD5-703FF3010B6A}.Release|Any CPU.Build.0 = Release|Any CPU
	EndGlobalSection
	GlobalSection(SolutionProperties) = preSolution
		HideSolutionNode = FALSE
	EndGlobalSection
	GlobalSection(ExtensibilityGlobals) = postSolution
		SolutionGuid = {06E46103-3E65-441D-932F-66E2F525897C}
	EndGlobalSection
EndGlobal
